
Microsoft Visual Studio Solution File, Format Version 12.00
# Visual Studio Version 17
VisualStudioVersion = 17.0.31903.59
MinimumVisualStudioVersion = 10.0.40219.1
Project("{F2A71F9B-5D33-465A-A702-920D77279786}") = "build", "build\build.fsproj", "{A340F484-E9FD-455B-A3EF-A84FAC0B2FCE}"
EndProject
Project("{2150E333-8FDC-42A3-9474-1A3956D46DE8}") = "src", "src", "{86DA23F2-2B78-42A9-8D16-27A4DD6151C0}"
EndProject
Project("{F2A71F9B-5D33-465A-A702-920D77279786}") = "Server", "src\Server\Server.fsproj", "{56065D56-3B7F-4F61-A053-8BDB987C40F5}"
EndProject
Project("{2150E333-8FDC-42A3-9474-1A3956D46DE8}") = "test", "test", "{6AA5FE42-2D82-40C4-8E7A-B9B2CDD2647E}"
EndProject
Project("{F2A71F9B-5D33-465A-A702-920D77279786}") = "Automation", "test\Automation\Automation.fsproj", "{1C1F3F1B-5F4F-4342-B523-40080DF76943}"
EndProject
Project("{F2A71F9B-5D33-465A-A702-920D77279786}") = "Shared", "src\Shared\Shared.fsproj", "{436DF7FA-25BB-42D4-BE35-9B32F3A5D7ED}"
EndProject
Global
	GlobalSection(SolutionConfigurationPlatforms) = preSolution
		Debug|Any CPU = Debug|Any CPU
		Release|Any CPU = Release|Any CPU
	EndGlobalSection
	GlobalSection(SolutionProperties) = preSolution
		HideSolutionNode = FALSE
	EndGlobalSection
	GlobalSection(ProjectConfigurationPlatforms) = postSolution
		{A340F484-E9FD-455B-A3EF-A84FAC0B2FCE}.Debug|Any CPU.ActiveCfg = Debug|Any CPU
		{A340F484-E9FD-455B-A3EF-A84FAC0B2FCE}.Debug|Any CPU.Build.0 = Debug|Any CPU
		{A340F484-E9FD-455B-A3EF-A84FAC0B2FCE}.Release|Any CPU.ActiveCfg = Release|Any CPU
		{A340F484-E9FD-455B-A3EF-A84FAC0B2FCE}.Release|Any CPU.Build.0 = Release|Any CPU
		{56065D56-3B7F-4F61-A053-8BDB987C40F5}.Debug|Any CPU.ActiveCfg = Debug|Any CPU
		{56065D56-3B7F-4F61-A053-8BDB987C40F5}.Debug|Any CPU.Build.0 = Debug|Any CPU
		{56065D56-3B7F-4F61-A053-8BDB987C40F5}.Release|Any CPU.ActiveCfg = Release|Any CPU
		{56065D56-3B7F-4F61-A053-8BDB987C40F5}.Release|Any CPU.Build.0 = Release|Any CPU
		{1C1F3F1B-5F4F-4342-B523-40080DF76943}.Debug|Any CPU.ActiveCfg = Debug|Any CPU
		{1C1F3F1B-5F4F-4342-B523-40080DF76943}.Debug|Any CPU.Build.0 = Debug|Any CPU
		{1C1F3F1B-5F4F-4342-B523-40080DF76943}.Release|Any CPU.ActiveCfg = Release|Any CPU
		{1C1F3F1B-5F4F-4342-B523-40080DF76943}.Release|Any CPU.Build.0 = Release|Any CPU
		{436DF7FA-25BB-42D4-BE35-9B32F3A5D7ED}.Debug|Any CPU.ActiveCfg = Debug|Any CPU
		{436DF7FA-25BB-42D4-BE35-9B32F3A5D7ED}.Debug|Any CPU.Build.0 = Debug|Any CPU
		{436DF7FA-25BB-42D4-BE35-9B32F3A5D7ED}.Release|Any CPU.ActiveCfg = Release|Any CPU
		{436DF7FA-25BB-42D4-BE35-9B32F3A5D7ED}.Release|Any CPU.Build.0 = Release|Any CPU
	EndGlobalSection
	GlobalSection(NestedProjects) = preSolution
		{56065D56-3B7F-4F61-A053-8BDB987C40F5} = {86DA23F2-2B78-42A9-8D16-27A4DD6151C0}
		{1C1F3F1B-5F4F-4342-B523-40080DF76943} = {6AA5FE42-2D82-40C4-8E7A-B9B2CDD2647E}
		{436DF7FA-25BB-42D4-BE35-9B32F3A5D7ED} = {86DA23F2-2B78-42A9-8D16-27A4DD6151C0}
	EndGlobalSection
EndGlobal
